
Microsoft Visual Studio Solution File, Format Version 12.00
# Visual Studio Version 17
VisualStudioVersion = 17.1.32328.378
MinimumVisualStudioVersion = 10.0.40219.1
Project("{9A19103F-16F7-4668-BE54-9A1E7A4F7556}") = "StoreService.Api.Author", "StoreService.Api.Author\StoreService.Api.Author.csproj", "{411FB334-6192-4A04-B3FD-1D4FF42E8AF5}"
EndProject
Project("{E53339B2-1760-4266-BCC7-CA923CBCF16C}") = "docker-compose", "docker-compose.dcproj", "{58E075AB-035E-41AD-8089-AF9FBFB5637D}"
EndProject
Project("{FAE04EC0-301F-11D3-BF4B-00C04F79EFBC}") = "StoreServices.Api.Book", "..\StoreServices.Api.Book\StoreServices.Api.Book.csproj", "{759A1DCF-97D0-4A2A-A101-C117BCF34DEE}"
EndProject
Global
	GlobalSection(SolutionConfigurationPlatforms) = preSolution
		Debug|Any CPU = Debug|Any CPU
		Release|Any CPU = Release|Any CPU
	EndGlobalSection
	GlobalSection(ProjectConfigurationPlatforms) = postSolution
		{411FB334-6192-4A04-B3FD-1D4FF42E8AF5}.Debug|Any CPU.ActiveCfg = Debug|Any CPU
		{411FB334-6192-4A04-B3FD-1D4FF42E8AF5}.Debug|Any CPU.Build.0 = Debug|Any CPU
		{411FB334-6192-4A04-B3FD-1D4FF42E8AF5}.Release|Any CPU.ActiveCfg = Release|Any CPU
		{411FB334-6192-4A04-B3FD-1D4FF42E8AF5}.Release|Any CPU.Build.0 = Release|Any CPU
		{58E075AB-035E-41AD-8089-AF9FBFB5637D}.Debug|Any CPU.ActiveCfg = Debug|Any CPU
		{58E075AB-035E-41AD-8089-AF9FBFB5637D}.Debug|Any CPU.Build.0 = Debug|Any CPU
		{58E075AB-035E-41AD-8089-AF9FBFB5637D}.Release|Any CPU.ActiveCfg = Release|Any CPU
		{58E075AB-035E-41AD-8089-AF9FBFB5637D}.Release|Any CPU.Build.0 = Release|Any CPU
		{759A1DCF-97D0-4A2A-A101-C117BCF34DEE}.Debug|Any CPU.ActiveCfg = Debug|Any CPU
		{759A1DCF-97D0-4A2A-A101-C117BCF34DEE}.Debug|Any CPU.Build.0 = Debug|Any CPU
		{759A1DCF-97D0-4A2A-A101-C117BCF34DEE}.Release|Any CPU.ActiveCfg = Release|Any CPU
		{759A1DCF-97D0-4A2A-A101-C117BCF34DEE}.Release|Any CPU.Build.0 = Release|Any CPU
	EndGlobalSection
	GlobalSection(SolutionProperties) = preSolution
		HideSolutionNode = FALSE
	EndGlobalSection
	GlobalSection(ExtensibilityGlobals) = postSolution
		SolutionGuid = {B00A6A48-E7FE-4680-B99A-77009A65AC8F}
	EndGlobalSection
EndGlobal
